// !$*UTF8*$!
{
	archiveVersion = 1;
	classes = {
	};
	objectVersion = 55;
	objects = {

/* Begin PBXBuildFile section */
		5747E93C27C95B4E0014AB34 /* MuLeafView.swift in Sources */ = {isa = PBXBuildFile; fileRef = 5747E93B27C95B4E0014AB34 /* MuLeafView.swift */; };
		57A0A23827BDAFAE00B5598B /* MuLimbTests.swift in Sources */ = {isa = PBXBuildFile; fileRef = 57A0A23727BDAFAE00B5598B /* MuLimbTests.swift */; };
		57A0A26127BED18A00B5598B /* ViewInspector in Frameworks */ = {isa = PBXBuildFile; productRef = 57A0A26027BED18A00B5598B /* ViewInspector */; };
		57A0A26327BED1E900B5598B /* MuLimbViewTests.swift in Sources */ = {isa = PBXBuildFile; fileRef = 57A0A26227BED1E900B5598B /* MuLimbViewTests.swift */; };
		57A0A26527BF15AA00B5598B /* config.yml in Resources */ = {isa = PBXBuildFile; fileRef = 57A0A26427BF15AA00B5598B /* config.yml */; };
		57A0A26827C015F600B5598B /* MuIdentityTests.swift in Sources */ = {isa = PBXBuildFile; fileRef = 57A0A26727C015F600B5598B /* MuIdentityTests.swift */; };
		57F3029527C142FC00203F63 /* ExampleNodeModels.swift in Sources */ = {isa = PBXBuildFile; fileRef = 57F3029427C142FC00203F63 /* ExampleNodeModels.swift */; };
		57F3029827C4389B00203F63 /* MuPodModelTests.swift in Sources */ = {isa = PBXBuildFile; fileRef = 57F3029727C4389B00203F63 /* MuPodModelTests.swift */; };
		800064A327646D67004B4C63 /* MuLeafVm.swift in Sources */ = {isa = PBXBuildFile; fileRef = 800064A227646D67004B4C63 /* MuLeafVm.swift */; };
		8006196B27933375005960FF /* MuTouch.swift in Sources */ = {isa = PBXBuildFile; fileRef = 8006196A27933375005960FF /* MuTouch.swift */; };
		800D4AE5272A2A6800E71519 /* MuLimbVm.swift in Sources */ = {isa = PBXBuildFile; fileRef = 800D4AE4272A2A6800E71519 /* MuLimbVm.swift */; };
		800D4AE9272B220700E71519 /* CG+ext.swift in Sources */ = {isa = PBXBuildFile; fileRef = 800D4AE8272B220700E71519 /* CG+ext.swift */; };
		800E2A99281DB8AA006AE6A1 /* sky.shader.tr3.h in Resources */ = {isa = PBXBuildFile; fileRef = 80CBDA14281D90BF008CB97A /* sky.shader.tr3.h */; };
		80135A07272C71EA00BCDE27 /* MuLimbView.swift in Sources */ = {isa = PBXBuildFile; fileRef = 80135A06272C71EA00BCDE27 /* MuLimbView.swift */; };
		80135A09272C724E00BCDE27 /* MuPilotView.swift in Sources */ = {isa = PBXBuildFile; fileRef = 80135A08272C724E00BCDE27 /* MuPilotView.swift */; };
		80135A0B272C728700BCDE27 /* AppBackgroundView.swift in Sources */ = {isa = PBXBuildFile; fileRef = 80135A0A272C728700BCDE27 /* AppBackgroundView.swift */; };
		8014B7CA2700DE3800691126 /* DeepMenuApp.swift in Sources */ = {isa = PBXBuildFile; fileRef = 8014B7C92700DE3800691126 /* DeepMenuApp.swift */; };
		8014B7CC2700DE3800691126 /* ContentView.swift in Sources */ = {isa = PBXBuildFile; fileRef = 8014B7CB2700DE3800691126 /* ContentView.swift */; };
		8014B7CE2700DE3A00691126 /* Assets.xcassets in Resources */ = {isa = PBXBuildFile; fileRef = 8014B7CD2700DE3A00691126 /* Assets.xcassets */; };
		8014B7D12700DE3A00691126 /* Preview Assets.xcassets in Resources */ = {isa = PBXBuildFile; fileRef = 8014B7D02700DE3A00691126 /* Preview Assets.xcassets */; };
		8014B7DB2700DE3A00691126 /* DeepMenuTests.swift in Sources */ = {isa = PBXBuildFile; fileRef = 8014B7DA2700DE3A00691126 /* DeepMenuTests.swift */; };
		8014B7E52700DE3A00691126 /* DeepMenuUITests.swift in Sources */ = {isa = PBXBuildFile; fileRef = 8014B7E42700DE3A00691126 /* DeepMenuUITests.swift */; };
		8014B7E72700DE3A00691126 /* DeepMenuUITestsLaunchTests.swift in Sources */ = {isa = PBXBuildFile; fileRef = 8014B7E62700DE3A00691126 /* DeepMenuUITestsLaunchTests.swift */; };
		8014B7F42700DED400691126 /* MuRootView.swift in Sources */ = {isa = PBXBuildFile; fileRef = 8014B7F32700DED400691126 /* MuRootView.swift */; };
		8019DBF4271BD7A200420923 /* MuBranchVm.swift in Sources */ = {isa = PBXBuildFile; fileRef = 8019DBF3271BD7A200420923 /* MuBranchVm.swift */; };
		8019DBF9271BEEED00420923 /* String+ext.swift in Sources */ = {isa = PBXBuildFile; fileRef = 8019DBF8271BEEED00420923 /* String+ext.swift */; };
		8019DBFB271C8CEC00420923 /* MuNodeModel.swift in Sources */ = {isa = PBXBuildFile; fileRef = 8019DBFA271C8CEC00420923 /* MuNodeModel.swift */; };
		8019DBFD271C8D2400420923 /* MuNodeTitleView.swift in Sources */ = {isa = PBXBuildFile; fileRef = 8019DBFC271C8D2400420923 /* MuNodeTitleView.swift */; };
		8019DBFF271C8D5300420923 /* MuNodeIconView.swift in Sources */ = {isa = PBXBuildFile; fileRef = 8019DBFE271C8D5200420923 /* MuNodeIconView.swift */; };
		8019DC03271C8DDE00420923 /* MuNodeVm.swift in Sources */ = {isa = PBXBuildFile; fileRef = 8019DC02271C8DDD00420923 /* MuNodeVm.swift */; };
		8019DC05271C901500420923 /* MuIdentity.swift in Sources */ = {isa = PBXBuildFile; fileRef = 8019DC04271C901500420923 /* MuIdentity.swift */; };
		802346FA2717D7EE0006645B /* MuRootVm.swift in Sources */ = {isa = PBXBuildFile; fileRef = 802346F92717D7EE0006645B /* MuRootVm.swift */; };
		802AEDA527BD8486003325C9 /* README.md in Resources */ = {isa = PBXBuildFile; fileRef = 802AEDA427BD8486003325C9 /* README.md */; };
		805B0EDF2748216700004A85 /* Comparable+ext.swift in Sources */ = {isa = PBXBuildFile; fileRef = 805B0EDE2748216700004A85 /* Comparable+ext.swift */; };
		80631DFD277141780071AF93 /* MuBorder.swift in Sources */ = {isa = PBXBuildFile; fileRef = 80631DFC277141780071AF93 /* MuBorder.swift */; };
		80631E002772428E0071AF93 /* MuNodeType.swift in Sources */ = {isa = PBXBuildFile; fileRef = 80631DFF2772428E0071AF93 /* MuNodeType.swift */; };
		80731CB0281706DD005FCE1A /* Tr3 in Frameworks */ = {isa = PBXBuildFile; productRef = 80731CAF281706DD005FCE1A /* Tr3 */; };
		80731CB228170880005FCE1A /* ExampleTr3Sky.swift in Sources */ = {isa = PBXBuildFile; fileRef = 80731CB128170880005FCE1A /* ExampleTr3Sky.swift */; };
		80731CB628170D9A005FCE1A /* SkyTr3.swift in Sources */ = {isa = PBXBuildFile; fileRef = 80731CB528170D9A005FCE1A /* SkyTr3.swift */; };
		80731CE8281715F3005FCE1A /* sky.main.tr3.h in Resources */ = {isa = PBXBuildFile; fileRef = 80731CCF281715C0005FCE1A /* sky.main.tr3.h */; };
		80731CE9281715F3005FCE1A /* midi.tr3.h in Resources */ = {isa = PBXBuildFile; fileRef = 80731CCD281715C0005FCE1A /* midi.tr3.h */; };
		80731CEB2819BBF1005FCE1A /* sky.menu.tr3.h in Resources */ = {isa = PBXBuildFile; fileRef = 80731CEA28187A45005FCE1A /* sky.menu.tr3.h */; };
		8087FC87280771CF00572436 /* ExampleClientView.swift in Sources */ = {isa = PBXBuildFile; fileRef = 8087FC86280771CF00572436 /* ExampleClientView.swift */; };
		809D126B275B26CA0091D252 /* Delay.swift in Sources */ = {isa = PBXBuildFile; fileRef = 809D126A275B26CA0091D252 /* Delay.swift */; };
		80A9B63D272F3B9B00355445 /* MuPilotVm.swift in Sources */ = {isa = PBXBuildFile; fileRef = 80A9B63C272F3B9B00355445 /* MuPilotVm.swift */; };
		80A9B640272F7CAD00355445 /* MuLayout.swift in Sources */ = {isa = PBXBuildFile; fileRef = 80A9B63F272F7CAD00355445 /* MuLayout.swift */; };
		80B251DE2706BDBF00E63DA3 /* MuBranchView.swift in Sources */ = {isa = PBXBuildFile; fileRef = 80B251DD2706BDBF00E63DA3 /* MuBranchView.swift */; };
		80B251E02707563300E63DA3 /* MuNodeView.swift in Sources */ = {isa = PBXBuildFile; fileRef = 80B251DF2707563300E63DA3 /* MuNodeView.swift */; };
		80B8EE872790A08500149AA3 /* Range+ext.swift in Sources */ = {isa = PBXBuildFile; fileRef = 80B8EE862790A08500149AA3 /* Range+ext.swift */; };
		80C43F4D274EE92E002B0B76 /* MuRootStatus.swift in Sources */ = {isa = PBXBuildFile; fileRef = 80C43F4C274EE5E4002B0B76 /* MuRootStatus.swift */; };
		80C5E880270CCA1B0000832C /* Log.swift in Sources */ = {isa = PBXBuildFile; fileRef = 80C5E87F270CCA1B0000832C /* Log.swift */; };
		80C9A7BF270F4C4B0013CA49 /* Scroll+ext.swift in Sources */ = {isa = PBXBuildFile; fileRef = 80C9A7BE270F4C4B0013CA49 /* Scroll+ext.swift */; };
		80C9A7C7270F5A820013CA49 /* MuBranchRectView.swift in Sources */ = {isa = PBXBuildFile; fileRef = 80C9A7C6270F5A820013CA49 /* MuBranchRectView.swift */; };
		80CBDA11281CABF3008CB97A /* Tr3 in Frameworks */ = {isa = PBXBuildFile; productRef = 80CBDA10281CABF3008CB97A /* Tr3 */; };
		80E3D6112708D8C4001ABBCD /* AppSceneDelegates.swift in Sources */ = {isa = PBXBuildFile; fileRef = 80E3D60C2708D694001ABBCD /* AppSceneDelegates.swift */; };
		80FC93F327344C3400FC10E5 /* MuCorner.swift in Sources */ = {isa = PBXBuildFile; fileRef = 80FC93F227344C3400FC10E5 /* MuCorner.swift */; };
/* End PBXBuildFile section */

/* Begin PBXContainerItemProxy section */
		8014B7D72700DE3A00691126 /* PBXContainerItemProxy */ = {
			isa = PBXContainerItemProxy;
			containerPortal = 8014B7BE2700DE3800691126 /* Project object */;
			proxyType = 1;
			remoteGlobalIDString = 8014B7C52700DE3800691126;
			remoteInfo = DeepMenu;
		};
		8014B7E12700DE3A00691126 /* PBXContainerItemProxy */ = {
			isa = PBXContainerItemProxy;
			containerPortal = 8014B7BE2700DE3800691126 /* Project object */;
			proxyType = 1;
			remoteGlobalIDString = 8014B7C52700DE3800691126;
			remoteInfo = DeepMenu;
		};
/* End PBXContainerItemProxy section */

/* Begin PBXFileReference section */
		5747E93B27C95B4E0014AB34 /* MuLeafView.swift */ = {isa = PBXFileReference; fileEncoding = 4; lastKnownFileType = sourcecode.swift; path = MuLeafView.swift; sourceTree = "<group>"; };
		57A0A23727BDAFAE00B5598B /* MuLimbTests.swift */ = {isa = PBXFileReference; lastKnownFileType = sourcecode.swift; path = MuLimbTests.swift; sourceTree = "<group>"; };
		57A0A26227BED1E900B5598B /* MuLimbViewTests.swift */ = {isa = PBXFileReference; lastKnownFileType = sourcecode.swift; path = MuLimbViewTests.swift; sourceTree = "<group>"; };
		57A0A26427BF15AA00B5598B /* config.yml */ = {isa = PBXFileReference; fileEncoding = 4; lastKnownFileType = text.yaml; name = config.yml; path = .circleci/config.yml; sourceTree = "<group>"; };
		57A0A26727C015F600B5598B /* MuIdentityTests.swift */ = {isa = PBXFileReference; lastKnownFileType = sourcecode.swift; path = MuIdentityTests.swift; sourceTree = "<group>"; };
		57F3029427C142FC00203F63 /* ExampleNodeModels.swift */ = {isa = PBXFileReference; lastKnownFileType = sourcecode.swift; path = ExampleNodeModels.swift; sourceTree = "<group>"; };
		57F3029727C4389B00203F63 /* MuPodModelTests.swift */ = {isa = PBXFileReference; lastKnownFileType = sourcecode.swift; path = MuPodModelTests.swift; sourceTree = "<group>"; };
		800064A227646D67004B4C63 /* MuLeafVm.swift */ = {isa = PBXFileReference; lastKnownFileType = sourcecode.swift; path = MuLeafVm.swift; sourceTree = "<group>"; };
		800619692791D984005960FF /* scratch2.h */ = {isa = PBXFileReference; lastKnownFileType = sourcecode.c.h; path = scratch2.h; sourceTree = "<group>"; };
		8006196A27933375005960FF /* MuTouch.swift */ = {isa = PBXFileReference; lastKnownFileType = sourcecode.swift; path = MuTouch.swift; sourceTree = "<group>"; };
		800D4AE4272A2A6800E71519 /* MuLimbVm.swift */ = {isa = PBXFileReference; lastKnownFileType = sourcecode.swift; path = MuLimbVm.swift; sourceTree = "<group>"; };
		800D4AE8272B220700E71519 /* CG+ext.swift */ = {isa = PBXFileReference; fileEncoding = 4; lastKnownFileType = sourcecode.swift; path = "CG+ext.swift"; sourceTree = "<group>"; };
		80135A06272C71EA00BCDE27 /* MuLimbView.swift */ = {isa = PBXFileReference; lastKnownFileType = sourcecode.swift; path = MuLimbView.swift; sourceTree = "<group>"; };
		80135A08272C724E00BCDE27 /* MuPilotView.swift */ = {isa = PBXFileReference; lastKnownFileType = sourcecode.swift; path = MuPilotView.swift; sourceTree = "<group>"; };
		80135A0A272C728700BCDE27 /* AppBackgroundView.swift */ = {isa = PBXFileReference; lastKnownFileType = sourcecode.swift; path = AppBackgroundView.swift; sourceTree = "<group>"; };
		8014B7C62700DE3800691126 /* DeepMenu.app */ = {isa = PBXFileReference; explicitFileType = wrapper.application; includeInIndex = 0; path = DeepMenu.app; sourceTree = BUILT_PRODUCTS_DIR; };
		8014B7C92700DE3800691126 /* DeepMenuApp.swift */ = {isa = PBXFileReference; lastKnownFileType = sourcecode.swift; path = DeepMenuApp.swift; sourceTree = "<group>"; };
		8014B7CB2700DE3800691126 /* ContentView.swift */ = {isa = PBXFileReference; lastKnownFileType = sourcecode.swift; path = ContentView.swift; sourceTree = "<group>"; };
		8014B7CD2700DE3A00691126 /* Assets.xcassets */ = {isa = PBXFileReference; lastKnownFileType = folder.assetcatalog; path = Assets.xcassets; sourceTree = "<group>"; };
		8014B7D02700DE3A00691126 /* Preview Assets.xcassets */ = {isa = PBXFileReference; lastKnownFileType = folder.assetcatalog; path = "Preview Assets.xcassets"; sourceTree = "<group>"; };
		8014B7D62700DE3A00691126 /* DeepMenuTests.xctest */ = {isa = PBXFileReference; explicitFileType = wrapper.cfbundle; includeInIndex = 0; path = DeepMenuTests.xctest; sourceTree = BUILT_PRODUCTS_DIR; };
		8014B7DA2700DE3A00691126 /* DeepMenuTests.swift */ = {isa = PBXFileReference; lastKnownFileType = sourcecode.swift; path = DeepMenuTests.swift; sourceTree = "<group>"; };
		8014B7E02700DE3A00691126 /* DeepMenuUITests.xctest */ = {isa = PBXFileReference; explicitFileType = wrapper.cfbundle; includeInIndex = 0; path = DeepMenuUITests.xctest; sourceTree = BUILT_PRODUCTS_DIR; };
		8014B7E42700DE3A00691126 /* DeepMenuUITests.swift */ = {isa = PBXFileReference; lastKnownFileType = sourcecode.swift; path = DeepMenuUITests.swift; sourceTree = "<group>"; };
		8014B7E62700DE3A00691126 /* DeepMenuUITestsLaunchTests.swift */ = {isa = PBXFileReference; lastKnownFileType = sourcecode.swift; path = DeepMenuUITestsLaunchTests.swift; sourceTree = "<group>"; };
		8014B7F32700DED400691126 /* MuRootView.swift */ = {isa = PBXFileReference; lastKnownFileType = sourcecode.swift; path = MuRootView.swift; sourceTree = "<group>"; };
		8014B7F52700E7C400691126 /* DeepMenu.entitlements */ = {isa = PBXFileReference; lastKnownFileType = text.plist.entitlements; path = DeepMenu.entitlements; sourceTree = "<group>"; };
		8019DBF3271BD7A200420923 /* MuBranchVm.swift */ = {isa = PBXFileReference; lastKnownFileType = sourcecode.swift; path = MuBranchVm.swift; sourceTree = "<group>"; };
		8019DBF8271BEEED00420923 /* String+ext.swift */ = {isa = PBXFileReference; lastKnownFileType = sourcecode.swift; path = "String+ext.swift"; sourceTree = "<group>"; };
		8019DBFA271C8CEC00420923 /* MuNodeModel.swift */ = {isa = PBXFileReference; lastKnownFileType = sourcecode.swift; path = MuNodeModel.swift; sourceTree = "<group>"; };
		8019DBFC271C8D2400420923 /* MuNodeTitleView.swift */ = {isa = PBXFileReference; lastKnownFileType = sourcecode.swift; path = MuNodeTitleView.swift; sourceTree = "<group>"; };
		8019DBFE271C8D5200420923 /* MuNodeIconView.swift */ = {isa = PBXFileReference; lastKnownFileType = sourcecode.swift; path = MuNodeIconView.swift; sourceTree = "<group>"; };
		8019DC02271C8DDD00420923 /* MuNodeVm.swift */ = {isa = PBXFileReference; lastKnownFileType = sourcecode.swift; path = MuNodeVm.swift; sourceTree = "<group>"; };
		8019DC04271C901500420923 /* MuIdentity.swift */ = {isa = PBXFileReference; lastKnownFileType = sourcecode.swift; path = MuIdentity.swift; sourceTree = "<group>"; };
		802346F52714C4000006645B /* View+animation.swift */ = {isa = PBXFileReference; lastKnownFileType = sourcecode.swift; path = "View+animation.swift"; sourceTree = "<group>"; };
		802346F92717D7EE0006645B /* MuRootVm.swift */ = {isa = PBXFileReference; lastKnownFileType = sourcecode.swift; path = MuRootVm.swift; sourceTree = "<group>"; };
		802AEDA427BD8486003325C9 /* README.md */ = {isa = PBXFileReference; lastKnownFileType = net.daringfireball.markdown; path = README.md; sourceTree = "<group>"; };
		805B0EDD274736C700004A85 /* scratch1.h */ = {isa = PBXFileReference; lastKnownFileType = sourcecode.c.h; path = scratch1.h; sourceTree = "<group>"; };
		805B0EDE2748216700004A85 /* Comparable+ext.swift */ = {isa = PBXFileReference; lastKnownFileType = sourcecode.swift; path = "Comparable+ext.swift"; sourceTree = "<group>"; };
		80631DFC277141780071AF93 /* MuBorder.swift */ = {isa = PBXFileReference; lastKnownFileType = sourcecode.swift; path = MuBorder.swift; sourceTree = "<group>"; };
		80631DFF2772428E0071AF93 /* MuNodeType.swift */ = {isa = PBXFileReference; lastKnownFileType = sourcecode.swift; path = MuNodeType.swift; sourceTree = "<group>"; };
		80731CB128170880005FCE1A /* ExampleTr3Sky.swift */ = {isa = PBXFileReference; lastKnownFileType = sourcecode.swift; path = ExampleTr3Sky.swift; sourceTree = "<group>"; };
		80731CB528170D9A005FCE1A /* SkyTr3.swift */ = {isa = PBXFileReference; lastKnownFileType = sourcecode.swift; path = SkyTr3.swift; sourceTree = "<group>"; };
		80731CB728171595005FCE1A /* panel.camera.tr3.h */ = {isa = PBXFileReference; lastKnownFileType = sourcecode.c.h; path = panel.camera.tr3.h; sourceTree = "<group>"; };
		80731CB828171595005FCE1A /* panel.cell.scroll.tr3.h */ = {isa = PBXFileReference; lastKnownFileType = sourcecode.c.h; path = panel.cell.scroll.tr3.h; sourceTree = "<group>"; };
		80731CB928171595005FCE1A /* panel.cell.tr3.h */ = {isa = PBXFileReference; lastKnownFileType = sourcecode.c.h; path = panel.cell.tr3.h; sourceTree = "<group>"; };
		80731CBA28171595005FCE1A /* panel.record.tr3.h */ = {isa = PBXFileReference; lastKnownFileType = sourcecode.c.h; path = panel.record.tr3.h; sourceTree = "<group>"; };
		80731CBB28171596005FCE1A /* panel.cell.speed.tr3.h */ = {isa = PBXFileReference; lastKnownFileType = sourcecode.c.h; path = panel.cell.speed.tr3.h; sourceTree = "<group>"; };
		80731CBC28171596005FCE1A /* panel.cell.midi.tr3.h */ = {isa = PBXFileReference; lastKnownFileType = sourcecode.c.h; path = panel.cell.midi.tr3.h; sourceTree = "<group>"; };
		80731CBD28171596005FCE1A /* panel.cell.camera.tr3.h */ = {isa = PBXFileReference; lastKnownFileType = sourcecode.c.h; path = panel.cell.camera.tr3.h; sourceTree = "<group>"; };
		80731CBE28171596005FCE1A /* panel.cell.brush.tr3.h */ = {isa = PBXFileReference; lastKnownFileType = sourcecode.c.h; path = panel.cell.brush.tr3.h; sourceTree = "<group>"; };
		80731CBF281715A0005FCE1A /* panel.shader.tile.tr3.h */ = {isa = PBXFileReference; lastKnownFileType = sourcecode.c.h; path = panel.shader.tile.tr3.h; sourceTree = "<group>"; };
		80731CC0281715A0005FCE1A /* panel.shader.colorize.tr3.h */ = {isa = PBXFileReference; lastKnownFileType = sourcecode.c.h; path = panel.shader.colorize.tr3.h; sourceTree = "<group>"; };
		80731CC1281715A0005FCE1A /* panel.shader.weave.tr3.h */ = {isa = PBXFileReference; lastKnownFileType = sourcecode.c.h; path = panel.shader.weave.tr3.h; sourceTree = "<group>"; };
		80731CC3281715B5005FCE1A /* panel.cell.melt.tr3.h */ = {isa = PBXFileReference; lastKnownFileType = sourcecode.c.h; path = panel.cell.melt.tr3.h; sourceTree = "<group>"; };
		80731CC4281715B5005FCE1A /* panel.cell.average.tr3.h */ = {isa = PBXFileReference; lastKnownFileType = sourcecode.c.h; path = panel.cell.average.tr3.h; sourceTree = "<group>"; };
		80731CC5281715B5005FCE1A /* panel.cell.modulo.tr3.h */ = {isa = PBXFileReference; lastKnownFileType = sourcecode.c.h; path = panel.cell.modulo.tr3.h; sourceTree = "<group>"; };
		80731CC6281715B6005FCE1A /* panel.cell.gas.tr3.h */ = {isa = PBXFileReference; lastKnownFileType = sourcecode.c.h; path = panel.cell.gas.tr3.h; sourceTree = "<group>"; };
		80731CC7281715B6005FCE1A /* panel.cell.timeTunnel.tr3.h */ = {isa = PBXFileReference; lastKnownFileType = sourcecode.c.h; path = panel.cell.timeTunnel.tr3.h; sourceTree = "<group>"; };
		80731CC8281715B6005FCE1A /* panel.cell.fredkin.tr3.h */ = {isa = PBXFileReference; lastKnownFileType = sourcecode.c.h; path = panel.cell.fredkin.tr3.h; sourceTree = "<group>"; };
		80731CC9281715B6005FCE1A /* panel.cell.fader.tr3.h */ = {isa = PBXFileReference; lastKnownFileType = sourcecode.c.h; path = panel.cell.fader.tr3.h; sourceTree = "<group>"; };
		80731CCA281715B6005FCE1A /* panel.cell.slide.tr3.h */ = {isa = PBXFileReference; lastKnownFileType = sourcecode.c.h; path = panel.cell.slide.tr3.h; sourceTree = "<group>"; };
		80731CCB281715B6005FCE1A /* panel.cell.drift.tr3.h */ = {isa = PBXFileReference; lastKnownFileType = sourcecode.c.h; path = panel.cell.drift.tr3.h; sourceTree = "<group>"; };
		80731CCC281715B6005FCE1A /* panel.cell.zhabatinski.tr3.h */ = {isa = PBXFileReference; lastKnownFileType = sourcecode.c.h; path = panel.cell.zhabatinski.tr3.h; sourceTree = "<group>"; };
		80731CCD281715C0005FCE1A /* midi.tr3.h */ = {isa = PBXFileReference; lastKnownFileType = sourcecode.c.h; path = midi.tr3.h; sourceTree = "<group>"; };
		80731CCF281715C0005FCE1A /* sky.main.tr3.h */ = {isa = PBXFileReference; lastKnownFileType = sourcecode.c.h; path = sky.main.tr3.h; sourceTree = "<group>"; };
		80731CEA28187A45005FCE1A /* sky.menu.tr3.h */ = {isa = PBXFileReference; lastKnownFileType = sourcecode.c.h; path = sky.menu.tr3.h; sourceTree = "<group>"; };
		8087FC86280771CF00572436 /* ExampleClientView.swift */ = {isa = PBXFileReference; lastKnownFileType = sourcecode.swift; path = ExampleClientView.swift; sourceTree = "<group>"; };
		809703C82708C08700CD246D /* Info.plist */ = {isa = PBXFileReference; lastKnownFileType = text.plist; path = Info.plist; sourceTree = "<group>"; };
		809D126A275B26CA0091D252 /* Delay.swift */ = {isa = PBXFileReference; lastKnownFileType = sourcecode.swift; path = Delay.swift; sourceTree = "<group>"; };
		80A9B63C272F3B9B00355445 /* MuPilotVm.swift */ = {isa = PBXFileReference; lastKnownFileType = sourcecode.swift; path = MuPilotVm.swift; sourceTree = "<group>"; };
		80A9B63F272F7CAD00355445 /* MuLayout.swift */ = {isa = PBXFileReference; lastKnownFileType = sourcecode.swift; path = MuLayout.swift; sourceTree = "<group>"; };
		80B251DD2706BDBF00E63DA3 /* MuBranchView.swift */ = {isa = PBXFileReference; lastKnownFileType = sourcecode.swift; path = MuBranchView.swift; sourceTree = "<group>"; };
		80B251DF2707563300E63DA3 /* MuNodeView.swift */ = {isa = PBXFileReference; lastKnownFileType = sourcecode.swift; path = MuNodeView.swift; sourceTree = "<group>"; };
		80B8EE862790A08500149AA3 /* Range+ext.swift */ = {isa = PBXFileReference; lastKnownFileType = sourcecode.swift; path = "Range+ext.swift"; sourceTree = "<group>"; };
		80C43F4C274EE5E4002B0B76 /* MuRootStatus.swift */ = {isa = PBXFileReference; lastKnownFileType = sourcecode.swift; path = MuRootStatus.swift; sourceTree = "<group>"; };
		80C5E87F270CCA1B0000832C /* Log.swift */ = {isa = PBXFileReference; lastKnownFileType = sourcecode.swift; path = Log.swift; sourceTree = "<group>"; };
		80C9A7BE270F4C4B0013CA49 /* Scroll+ext.swift */ = {isa = PBXFileReference; lastKnownFileType = sourcecode.swift; path = "Scroll+ext.swift"; sourceTree = "<group>"; };
		80C9A7C6270F5A820013CA49 /* MuBranchRectView.swift */ = {isa = PBXFileReference; lastKnownFileType = sourcecode.swift; path = MuBranchRectView.swift; sourceTree = "<group>"; };
		80CBDA14281D90BF008CB97A /* sky.shader.tr3.h */ = {isa = PBXFileReference; fileEncoding = 4; lastKnownFileType = sourcecode.c.h; path = sky.shader.tr3.h; sourceTree = "<group>"; };
		80E3D60C2708D694001ABBCD /* AppSceneDelegates.swift */ = {isa = PBXFileReference; lastKnownFileType = sourcecode.swift; path = AppSceneDelegates.swift; sourceTree = "<group>"; };
		80FC93F227344C3400FC10E5 /* MuCorner.swift */ = {isa = PBXFileReference; lastKnownFileType = sourcecode.swift; path = MuCorner.swift; sourceTree = "<group>"; };
/* End PBXFileReference section */

/* Begin PBXFrameworksBuildPhase section */
		8014B7C32700DE3800691126 /* Frameworks */ = {
			isa = PBXFrameworksBuildPhase;
			buildActionMask = 2147483647;
			files = (
				80CBDA11281CABF3008CB97A /* Tr3 in Frameworks */,
				80731CB0281706DD005FCE1A /* Tr3 in Frameworks */,
			);
			runOnlyForDeploymentPostprocessing = 0;
		};
		8014B7D32700DE3A00691126 /* Frameworks */ = {
			isa = PBXFrameworksBuildPhase;
			buildActionMask = 2147483647;
			files = (
				57A0A26127BED18A00B5598B /* ViewInspector in Frameworks */,
			);
			runOnlyForDeploymentPostprocessing = 0;
		};
		8014B7DD2700DE3A00691126 /* Frameworks */ = {
			isa = PBXFrameworksBuildPhase;
			buildActionMask = 2147483647;
			files = (
			);
			runOnlyForDeploymentPostprocessing = 0;
		};
/* End PBXFrameworksBuildPhase section */

/* Begin PBXGroup section */
		57A0A23627BDAF8400B5598B /* Limb */ = {
			isa = PBXGroup;
			children = (
				57A0A23727BDAFAE00B5598B /* MuLimbTests.swift */,
				57A0A26227BED1E900B5598B /* MuLimbViewTests.swift */,
			);
			path = Limb;
			sourceTree = "<group>";
		};
		57A0A26627C015D300B5598B /* Global */ = {
			isa = PBXGroup;
			children = (
				57A0A26727C015F600B5598B /* MuIdentityTests.swift */,
			);
			path = Global;
			sourceTree = "<group>";
		};
		57F3029627C4387200203F63 /* Pod */ = {
			isa = PBXGroup;
			children = (
				57F3029727C4389B00203F63 /* MuPodModelTests.swift */,
			);
			path = Pod;
			sourceTree = "<group>";
		};
		800064A127646D44004B4C63 /* Leaf */ = {
			isa = PBXGroup;
			children = (
				5747E93B27C95B4E0014AB34 /* MuLeafView.swift */,
				800064A227646D67004B4C63 /* MuLeafVm.swift */,
			);
			path = Leaf;
			sourceTree = "<group>";
		};
		8014B7BD2700DE3800691126 = {
			isa = PBXGroup;
			children = (
				57A0A26427BF15AA00B5598B /* config.yml */,
				802AEDA427BD8486003325C9 /* README.md */,
				8014B7C82700DE3800691126 /* DeepMenu */,
				8014B7D92700DE3A00691126 /* DeepMenuTests */,
				8014B7E32700DE3A00691126 /* DeepMenuUITests */,
				8014B7C72700DE3800691126 /* Products */,
			);
			sourceTree = "<group>";
		};
		8014B7C72700DE3800691126 /* Products */ = {
			isa = PBXGroup;
			children = (
				8014B7C62700DE3800691126 /* DeepMenu.app */,
				8014B7D62700DE3A00691126 /* DeepMenuTests.xctest */,
				8014B7E02700DE3A00691126 /* DeepMenuUITests.xctest */,
			);
			name = Products;
			sourceTree = "<group>";
		};
		8014B7C82700DE3800691126 /* DeepMenu */ = {
			isa = PBXGroup;
			children = (
				80A7B5A6271B1883005ECF59 /* Main */,
				8087FC882808760800572436 /* Example */,
				8076229E27988F07008CBBE3 /* Touch */,
				80AA51D8272DB66B00406886 /* Pilot */,
				8019DBF7271BDB6100420923 /* Root */,
				8060721827359440001945CD /* Limb */,
				8019DBF5271BDB2E00420923 /* Branch */,
				8019DBF6271BDB4A00420923 /* Node */,
				800064A127646D44004B4C63 /* Leaf */,
				80631DFE2772422E0071AF93 /* Border */,
				80A9B63E272F578C00355445 /* Global */,
				80631E022778FB0E0071AF93 /* Util */,
				80A7B5A5271B184B005ECF59 /* Extensions */,
				80631E012778FAFA0071AF93 /* etc */,
				8014B7F52700E7C400691126 /* DeepMenu.entitlements */,
				8014B7CD2700DE3A00691126 /* Assets.xcassets */,
				809703C82708C08700CD246D /* Info.plist */,
				8014B7CF2700DE3A00691126 /* Preview Content */,
			);
			path = DeepMenu;
			sourceTree = "<group>";
		};
		8014B7CF2700DE3A00691126 /* Preview Content */ = {
			isa = PBXGroup;
			children = (
				8014B7D02700DE3A00691126 /* Preview Assets.xcassets */,
			);
			path = "Preview Content";
			sourceTree = "<group>";
		};
		8014B7D92700DE3A00691126 /* DeepMenuTests */ = {
			isa = PBXGroup;
			children = (
				57A0A26627C015D300B5598B /* Global */,
				57F3029627C4387200203F63 /* Pod */,
				57A0A23627BDAF8400B5598B /* Limb */,
				8014B7DA2700DE3A00691126 /* DeepMenuTests.swift */,
			);
			path = DeepMenuTests;
			sourceTree = "<group>";
		};
		8014B7E32700DE3A00691126 /* DeepMenuUITests */ = {
			isa = PBXGroup;
			children = (
				8014B7E42700DE3A00691126 /* DeepMenuUITests.swift */,
				8014B7E62700DE3A00691126 /* DeepMenuUITestsLaunchTests.swift */,
			);
			path = DeepMenuUITests;
			sourceTree = "<group>";
		};
		8019DBF5271BDB2E00420923 /* Branch */ = {
			isa = PBXGroup;
			children = (
				8019DBF3271BD7A200420923 /* MuBranchVm.swift */,
				80B251DD2706BDBF00E63DA3 /* MuBranchView.swift */,
				80C9A7C6270F5A820013CA49 /* MuBranchRectView.swift */,
			);
			path = Branch;
			sourceTree = "<group>";
		};
		8019DBF6271BDB4A00420923 /* Node */ = {
			isa = PBXGroup;
			children = (
				8019DC02271C8DDD00420923 /* MuNodeVm.swift */,
				80B251DF2707563300E63DA3 /* MuNodeView.swift */,
				8019DBFA271C8CEC00420923 /* MuNodeModel.swift */,
				8019DBFE271C8D5200420923 /* MuNodeIconView.swift */,
				8019DBFC271C8D2400420923 /* MuNodeTitleView.swift */,
			);
			path = Node;
			sourceTree = "<group>";
		};
		8019DBF7271BDB6100420923 /* Root */ = {
			isa = PBXGroup;
			children = (
				802346F92717D7EE0006645B /* MuRootVm.swift */,
				8014B7F32700DED400691126 /* MuRootView.swift */,
				80C43F4C274EE5E4002B0B76 /* MuRootStatus.swift */,
			);
			path = Root;
			sourceTree = "<group>";
		};
		8060721827359440001945CD /* Limb */ = {
			isa = PBXGroup;
			children = (
				800D4AE4272A2A6800E71519 /* MuLimbVm.swift */,
				80135A06272C71EA00BCDE27 /* MuLimbView.swift */,
			);
			path = Limb;
			sourceTree = "<group>";
		};
		80631DFE2772422E0071AF93 /* Border */ = {
			isa = PBXGroup;
			children = (
				80631DFC277141780071AF93 /* MuBorder.swift */,
				80631DFF2772428E0071AF93 /* MuNodeType.swift */,
			);
			path = Border;
			sourceTree = "<group>";
		};
		80631E012778FAFA0071AF93 /* etc */ = {
			isa = PBXGroup;
			children = (
				805B0EDD274736C700004A85 /* scratch1.h */,
				800619692791D984005960FF /* scratch2.h */,
				802346F52714C4000006645B /* View+animation.swift */,
			);
			path = etc;
			sourceTree = "<group>";
		};
		80631E022778FB0E0071AF93 /* Util */ = {
			isa = PBXGroup;
			children = (
				80C5E87F270CCA1B0000832C /* Log.swift */,
				809D126A275B26CA0091D252 /* Delay.swift */,
			);
			path = Util;
			sourceTree = "<group>";
		};
		80731CD0281715D9005FCE1A /* Tr3 */ = {
			isa = PBXGroup;
			children = (
				80731CEA28187A45005FCE1A /* sky.menu.tr3.h */,
				80731CCF281715C0005FCE1A /* sky.main.tr3.h */,
				80CBDA14281D90BF008CB97A /* sky.shader.tr3.h */,
				80731CCD281715C0005FCE1A /* midi.tr3.h */,
				80731CED2819C0C2005FCE1A /* old */,
			);
			path = Tr3;
			sourceTree = "<group>";
		};
		80731CED2819C0C2005FCE1A /* old */ = {
			isa = PBXGroup;
			children = (
				80731CBE28171596005FCE1A /* panel.cell.brush.tr3.h */,
				80731CBD28171596005FCE1A /* panel.cell.camera.tr3.h */,
				80731CBC28171596005FCE1A /* panel.cell.midi.tr3.h */,
				80731CB828171595005FCE1A /* panel.cell.scroll.tr3.h */,
				80731CBB28171596005FCE1A /* panel.cell.speed.tr3.h */,
				80731CBA28171595005FCE1A /* panel.record.tr3.h */,
				80731CB728171595005FCE1A /* panel.camera.tr3.h */,
				80731CB928171595005FCE1A /* panel.cell.tr3.h */,
				80731CC0281715A0005FCE1A /* panel.shader.colorize.tr3.h */,
				80731CBF281715A0005FCE1A /* panel.shader.tile.tr3.h */,
				80731CC1281715A0005FCE1A /* panel.shader.weave.tr3.h */,
				80731CC4281715B5005FCE1A /* panel.cell.average.tr3.h */,
				80731CCB281715B6005FCE1A /* panel.cell.drift.tr3.h */,
				80731CC9281715B6005FCE1A /* panel.cell.fader.tr3.h */,
				80731CC8281715B6005FCE1A /* panel.cell.fredkin.tr3.h */,
				80731CC6281715B6005FCE1A /* panel.cell.gas.tr3.h */,
				80731CC3281715B5005FCE1A /* panel.cell.melt.tr3.h */,
				80731CC5281715B5005FCE1A /* panel.cell.modulo.tr3.h */,
				80731CCA281715B6005FCE1A /* panel.cell.slide.tr3.h */,
				80731CC7281715B6005FCE1A /* panel.cell.timeTunnel.tr3.h */,
				80731CCC281715B6005FCE1A /* panel.cell.zhabatinski.tr3.h */,
			);
			path = old;
			sourceTree = "<group>";
		};
		8076229E27988F07008CBBE3 /* Touch */ = {
			isa = PBXGroup;
			children = (
				8006196A27933375005960FF /* MuTouch.swift */,
			);
			path = Touch;
			sourceTree = "<group>";
		};
		8087FC882808760800572436 /* Example */ = {
			isa = PBXGroup;
			children = (
				80731CB528170D9A005FCE1A /* SkyTr3.swift */,
				80731CD0281715D9005FCE1A /* Tr3 */,
				57F3029427C142FC00203F63 /* ExampleNodeModels.swift */,
				8087FC86280771CF00572436 /* ExampleClientView.swift */,
				80731CB128170880005FCE1A /* ExampleTr3Sky.swift */,
			);
			path = Example;
			sourceTree = "<group>";
		};
		80A7B5A5271B184B005ECF59 /* Extensions */ = {
			isa = PBXGroup;
			children = (
				800D4AE8272B220700E71519 /* CG+ext.swift */,
				80B8EE862790A08500149AA3 /* Range+ext.swift */,
				80C9A7BE270F4C4B0013CA49 /* Scroll+ext.swift */,
				8019DBF8271BEEED00420923 /* String+ext.swift */,
				805B0EDE2748216700004A85 /* Comparable+ext.swift */,
			);
			path = Extensions;
			sourceTree = "<group>";
		};
		80A7B5A6271B1883005ECF59 /* Main */ = {
			isa = PBXGroup;
			children = (
				8014B7CB2700DE3800691126 /* ContentView.swift */,
				80E3D60C2708D694001ABBCD /* AppSceneDelegates.swift */,
				8014B7C92700DE3800691126 /* DeepMenuApp.swift */,
				80135A0A272C728700BCDE27 /* AppBackgroundView.swift */,
			);
			path = Main;
			sourceTree = "<group>";
		};
		80A9B63E272F578C00355445 /* Global */ = {
			isa = PBXGroup;
			children = (
				80FC93F227344C3400FC10E5 /* MuCorner.swift */,
				8019DC04271C901500420923 /* MuIdentity.swift */,
				80A9B63F272F7CAD00355445 /* MuLayout.swift */,
			);
			path = Global;
			sourceTree = "<group>";
		};
		80AA51D8272DB66B00406886 /* Pilot */ = {
			isa = PBXGroup;
			children = (
				80A9B63C272F3B9B00355445 /* MuPilotVm.swift */,
				80135A08272C724E00BCDE27 /* MuPilotView.swift */,
			);
			path = Pilot;
			sourceTree = "<group>";
		};
/* End PBXGroup section */

/* Begin PBXNativeTarget section */
		8014B7C52700DE3800691126 /* DeepMenu */ = {
			isa = PBXNativeTarget;
			buildConfigurationList = 8014B7EA2700DE3A00691126 /* Build configuration list for PBXNativeTarget "DeepMenu" */;
			buildPhases = (
				8014B7C22700DE3800691126 /* Sources */,
				8014B7C32700DE3800691126 /* Frameworks */,
				8014B7C42700DE3800691126 /* Resources */,
			);
			buildRules = (
			);
			dependencies = (
			);
			name = DeepMenu;
			packageProductDependencies = (
				80731CAF281706DD005FCE1A /* Tr3 */,
				80CBDA10281CABF3008CB97A /* Tr3 */,
			);
			productName = DeepMenu;
			productReference = 8014B7C62700DE3800691126 /* DeepMenu.app */;
			productType = "com.apple.product-type.application";
		};
		8014B7D52700DE3A00691126 /* DeepMenuTests */ = {
			isa = PBXNativeTarget;
			buildConfigurationList = 8014B7ED2700DE3A00691126 /* Build configuration list for PBXNativeTarget "DeepMenuTests" */;
			buildPhases = (
				8014B7D22700DE3A00691126 /* Sources */,
				8014B7D32700DE3A00691126 /* Frameworks */,
				8014B7D42700DE3A00691126 /* Resources */,
			);
			buildRules = (
			);
			dependencies = (
				8014B7D82700DE3A00691126 /* PBXTargetDependency */,
			);
			name = DeepMenuTests;
			packageProductDependencies = (
				57A0A26027BED18A00B5598B /* ViewInspector */,
			);
			productName = DeepMenuTests;
			productReference = 8014B7D62700DE3A00691126 /* DeepMenuTests.xctest */;
			productType = "com.apple.product-type.bundle.unit-test";
		};
		8014B7DF2700DE3A00691126 /* DeepMenuUITests */ = {
			isa = PBXNativeTarget;
			buildConfigurationList = 8014B7F02700DE3A00691126 /* Build configuration list for PBXNativeTarget "DeepMenuUITests" */;
			buildPhases = (
				8014B7DC2700DE3A00691126 /* Sources */,
				8014B7DD2700DE3A00691126 /* Frameworks */,
				8014B7DE2700DE3A00691126 /* Resources */,
			);
			buildRules = (
			);
			dependencies = (
				8014B7E22700DE3A00691126 /* PBXTargetDependency */,
			);
			name = DeepMenuUITests;
			productName = DeepMenuUITests;
			productReference = 8014B7E02700DE3A00691126 /* DeepMenuUITests.xctest */;
			productType = "com.apple.product-type.bundle.ui-testing";
		};
/* End PBXNativeTarget section */

/* Begin PBXProject section */
		8014B7BE2700DE3800691126 /* Project object */ = {
			isa = PBXProject;
			attributes = {
				BuildIndependentTargetsInParallel = 1;
				LastSwiftUpdateCheck = 1300;
				LastUpgradeCheck = 1300;
				TargetAttributes = {
					8014B7C52700DE3800691126 = {
						CreatedOnToolsVersion = 13.0;
					};
					8014B7D52700DE3A00691126 = {
						CreatedOnToolsVersion = 13.0;
						TestTargetID = 8014B7C52700DE3800691126;
					};
					8014B7DF2700DE3A00691126 = {
						CreatedOnToolsVersion = 13.0;
						TestTargetID = 8014B7C52700DE3800691126;
					};
				};
			};
			buildConfigurationList = 8014B7C12700DE3800691126 /* Build configuration list for PBXProject "DeepMenu" */;
			compatibilityVersion = "Xcode 13.0";
			developmentRegion = en;
			hasScannedForEncodings = 0;
			knownRegions = (
				en,
				Base,
			);
			mainGroup = 8014B7BD2700DE3800691126;
			packageReferences = (
				57A0A25F27BED18A00B5598B /* XCRemoteSwiftPackageReference "ViewInspector" */,
				80731CAE281706DD005FCE1A /* XCRemoteSwiftPackageReference "Tr3" */,
				80CBDA0F281CABF3008CB97A /* XCRemoteSwiftPackageReference "Tr3" */,
			);
			productRefGroup = 8014B7C72700DE3800691126 /* Products */;
			projectDirPath = "";
			projectRoot = "";
			targets = (
				8014B7C52700DE3800691126 /* DeepMenu */,
				8014B7D52700DE3A00691126 /* DeepMenuTests */,
				8014B7DF2700DE3A00691126 /* DeepMenuUITests */,
			);
		};
/* End PBXProject section */

/* Begin PBXResourcesBuildPhase section */
		8014B7C42700DE3800691126 /* Resources */ = {
			isa = PBXResourcesBuildPhase;
			buildActionMask = 2147483647;
			files = (
				800E2A99281DB8AA006AE6A1 /* sky.shader.tr3.h in Resources */,
				80731CEB2819BBF1005FCE1A /* sky.menu.tr3.h in Resources */,
				80731CE8281715F3005FCE1A /* sky.main.tr3.h in Resources */,
				80731CE9281715F3005FCE1A /* midi.tr3.h in Resources */,
				57A0A26527BF15AA00B5598B /* config.yml in Resources */,
				802AEDA527BD8486003325C9 /* README.md in Resources */,
				8014B7D12700DE3A00691126 /* Preview Assets.xcassets in Resources */,
				8014B7CE2700DE3A00691126 /* Assets.xcassets in Resources */,
			);
			runOnlyForDeploymentPostprocessing = 0;
		};
		8014B7D42700DE3A00691126 /* Resources */ = {
			isa = PBXResourcesBuildPhase;
			buildActionMask = 2147483647;
			files = (
			);
			runOnlyForDeploymentPostprocessing = 0;
		};
		8014B7DE2700DE3A00691126 /* Resources */ = {
			isa = PBXResourcesBuildPhase;
			buildActionMask = 2147483647;
			files = (
			);
			runOnlyForDeploymentPostprocessing = 0;
		};
/* End PBXResourcesBuildPhase section */

/* Begin PBXSourcesBuildPhase section */
		8014B7C22700DE3800691126 /* Sources */ = {
			isa = PBXSourcesBuildPhase;
			buildActionMask = 2147483647;
			files = (
				80135A07272C71EA00BCDE27 /* MuLimbView.swift in Sources */,
				8019DBFB271C8CEC00420923 /* MuNodeModel.swift in Sources */,
				80135A0B272C728700BCDE27 /* AppBackgroundView.swift in Sources */,
				80731CB228170880005FCE1A /* ExampleTr3Sky.swift in Sources */,
				80135A09272C724E00BCDE27 /* MuPilotView.swift in Sources */,
				80FC93F327344C3400FC10E5 /* MuCorner.swift in Sources */,
				8019DC03271C8DDE00420923 /* MuNodeVm.swift in Sources */,
				8019DBFD271C8D2400420923 /* MuNodeTitleView.swift in Sources */,
				8019DBF9271BEEED00420923 /* String+ext.swift in Sources */,
				802346FA2717D7EE0006645B /* MuRootVm.swift in Sources */,
				8019DC05271C901500420923 /* MuIdentity.swift in Sources */,
				800D4AE5272A2A6800E71519 /* MuLimbVm.swift in Sources */,
				80A9B63D272F3B9B00355445 /* MuPilotVm.swift in Sources */,
				80631DFD277141780071AF93 /* MuBorder.swift in Sources */,
				80C9A7C7270F5A820013CA49 /* MuBranchRectView.swift in Sources */,
				8019DBFF271C8D5300420923 /* MuNodeIconView.swift in Sources */,
				8019DBF4271BD7A200420923 /* MuBranchVm.swift in Sources */,
				80B8EE872790A08500149AA3 /* Range+ext.swift in Sources */,
				8087FC87280771CF00572436 /* ExampleClientView.swift in Sources */,
				80731CB628170D9A005FCE1A /* SkyTr3.swift in Sources */,
				80C43F4D274EE92E002B0B76 /* MuRootStatus.swift in Sources */,
				8014B7CC2700DE3800691126 /* ContentView.swift in Sources */,
				800D4AE9272B220700E71519 /* CG+ext.swift in Sources */,
				805B0EDF2748216700004A85 /* Comparable+ext.swift in Sources */,
				80C5E880270CCA1B0000832C /* Log.swift in Sources */,
				8014B7CA2700DE3800691126 /* DeepMenuApp.swift in Sources */,
				80B251E02707563300E63DA3 /* MuNodeView.swift in Sources */,
				800064A327646D67004B4C63 /* MuLeafVm.swift in Sources */,
				80A9B640272F7CAD00355445 /* MuLayout.swift in Sources */,
				809D126B275B26CA0091D252 /* Delay.swift in Sources */,
				57F3029527C142FC00203F63 /* ExampleNodeModels.swift in Sources */,
				5747E93C27C95B4E0014AB34 /* MuLeafView.swift in Sources */,
				80C9A7BF270F4C4B0013CA49 /* Scroll+ext.swift in Sources */,
				80631E002772428E0071AF93 /* MuNodeType.swift in Sources */,
				80E3D6112708D8C4001ABBCD /* AppSceneDelegates.swift in Sources */,
				8006196B27933375005960FF /* MuTouch.swift in Sources */,
				8014B7F42700DED400691126 /* MuRootView.swift in Sources */,
				80B251DE2706BDBF00E63DA3 /* MuBranchView.swift in Sources */,
			);
			runOnlyForDeploymentPostprocessing = 0;
		};
		8014B7D22700DE3A00691126 /* Sources */ = {
			isa = PBXSourcesBuildPhase;
			buildActionMask = 2147483647;
			files = (
				57A0A26327BED1E900B5598B /* MuLimbViewTests.swift in Sources */,
				57A0A23827BDAFAE00B5598B /* MuLimbTests.swift in Sources */,
				8014B7DB2700DE3A00691126 /* DeepMenuTests.swift in Sources */,
				57F3029827C4389B00203F63 /* MuPodModelTests.swift in Sources */,
				57A0A26827C015F600B5598B /* MuIdentityTests.swift in Sources */,
			);
			runOnlyForDeploymentPostprocessing = 0;
		};
		8014B7DC2700DE3A00691126 /* Sources */ = {
			isa = PBXSourcesBuildPhase;
			buildActionMask = 2147483647;
			files = (
				8014B7E72700DE3A00691126 /* DeepMenuUITestsLaunchTests.swift in Sources */,
				8014B7E52700DE3A00691126 /* DeepMenuUITests.swift in Sources */,
			);
			runOnlyForDeploymentPostprocessing = 0;
		};
/* End PBXSourcesBuildPhase section */

/* Begin PBXTargetDependency section */
		8014B7D82700DE3A00691126 /* PBXTargetDependency */ = {
			isa = PBXTargetDependency;
			target = 8014B7C52700DE3800691126 /* DeepMenu */;
			targetProxy = 8014B7D72700DE3A00691126 /* PBXContainerItemProxy */;
		};
		8014B7E22700DE3A00691126 /* PBXTargetDependency */ = {
			isa = PBXTargetDependency;
			target = 8014B7C52700DE3800691126 /* DeepMenu */;
			targetProxy = 8014B7E12700DE3A00691126 /* PBXContainerItemProxy */;
		};
/* End PBXTargetDependency section */

/* Begin XCBuildConfiguration section */
		8014B7E82700DE3A00691126 /* Debug */ = {
			isa = XCBuildConfiguration;
			buildSettings = {
				ALWAYS_SEARCH_USER_PATHS = NO;
				CLANG_ANALYZER_NONNULL = YES;
				CLANG_ANALYZER_NUMBER_OBJECT_CONVERSION = YES_AGGRESSIVE;
				CLANG_CXX_LANGUAGE_STANDARD = "gnu++17";
				CLANG_CXX_LIBRARY = "libc++";
				CLANG_ENABLE_MODULES = YES;
				CLANG_ENABLE_OBJC_ARC = YES;
				CLANG_ENABLE_OBJC_WEAK = YES;
				CLANG_WARN_BLOCK_CAPTURE_AUTORELEASING = YES;
				CLANG_WARN_BOOL_CONVERSION = YES;
				CLANG_WARN_COMMA = YES;
				CLANG_WARN_CONSTANT_CONVERSION = YES;
				CLANG_WARN_DEPRECATED_OBJC_IMPLEMENTATIONS = YES;
				CLANG_WARN_DIRECT_OBJC_ISA_USAGE = YES_ERROR;
				CLANG_WARN_DOCUMENTATION_COMMENTS = YES;
				CLANG_WARN_EMPTY_BODY = YES;
				CLANG_WARN_ENUM_CONVERSION = YES;
				CLANG_WARN_INFINITE_RECURSION = YES;
				CLANG_WARN_INT_CONVERSION = YES;
				CLANG_WARN_NON_LITERAL_NULL_CONVERSION = YES;
				CLANG_WARN_OBJC_IMPLICIT_RETAIN_SELF = YES;
				CLANG_WARN_OBJC_LITERAL_CONVERSION = YES;
				CLANG_WARN_OBJC_ROOT_CLASS = YES_ERROR;
				CLANG_WARN_QUOTED_INCLUDE_IN_FRAMEWORK_HEADER = YES;
				CLANG_WARN_RANGE_LOOP_ANALYSIS = YES;
				CLANG_WARN_STRICT_PROTOTYPES = YES;
				CLANG_WARN_SUSPICIOUS_MOVE = YES;
				CLANG_WARN_UNGUARDED_AVAILABILITY = YES_AGGRESSIVE;
				CLANG_WARN_UNREACHABLE_CODE = YES;
				CLANG_WARN__DUPLICATE_METHOD_MATCH = YES;
				COPY_PHASE_STRIP = NO;
				DEBUG_INFORMATION_FORMAT = dwarf;
				ENABLE_STRICT_OBJC_MSGSEND = YES;
				ENABLE_TESTABILITY = YES;
				GCC_C_LANGUAGE_STANDARD = gnu11;
				GCC_DYNAMIC_NO_PIC = NO;
				GCC_NO_COMMON_BLOCKS = YES;
				GCC_OPTIMIZATION_LEVEL = 0;
				GCC_PREPROCESSOR_DEFINITIONS = (
					"DEBUG=1",
					"$(inherited)",
				);
				GCC_WARN_64_TO_32_BIT_CONVERSION = YES;
				GCC_WARN_ABOUT_RETURN_TYPE = YES_ERROR;
				GCC_WARN_UNDECLARED_SELECTOR = YES;
				GCC_WARN_UNINITIALIZED_AUTOS = YES_AGGRESSIVE;
				GCC_WARN_UNUSED_FUNCTION = YES;
				GCC_WARN_UNUSED_VARIABLE = YES;
				IPHONEOS_DEPLOYMENT_TARGET = 15.0;
				MTL_ENABLE_DEBUG_INFO = INCLUDE_SOURCE;
				MTL_FAST_MATH = YES;
				ONLY_ACTIVE_ARCH = YES;
				SDKROOT = iphoneos;
				SWIFT_ACTIVE_COMPILATION_CONDITIONS = DEBUG;
				SWIFT_OPTIMIZATION_LEVEL = "-Onone";
			};
			name = Debug;
		};
		8014B7E92700DE3A00691126 /* Release */ = {
			isa = XCBuildConfiguration;
			buildSettings = {
				ALWAYS_SEARCH_USER_PATHS = NO;
				CLANG_ANALYZER_NONNULL = YES;
				CLANG_ANALYZER_NUMBER_OBJECT_CONVERSION = YES_AGGRESSIVE;
				CLANG_CXX_LANGUAGE_STANDARD = "gnu++17";
				CLANG_CXX_LIBRARY = "libc++";
				CLANG_ENABLE_MODULES = YES;
				CLANG_ENABLE_OBJC_ARC = YES;
				CLANG_ENABLE_OBJC_WEAK = YES;
				CLANG_WARN_BLOCK_CAPTURE_AUTORELEASING = YES;
				CLANG_WARN_BOOL_CONVERSION = YES;
				CLANG_WARN_COMMA = YES;
				CLANG_WARN_CONSTANT_CONVERSION = YES;
				CLANG_WARN_DEPRECATED_OBJC_IMPLEMENTATIONS = YES;
				CLANG_WARN_DIRECT_OBJC_ISA_USAGE = YES_ERROR;
				CLANG_WARN_DOCUMENTATION_COMMENTS = YES;
				CLANG_WARN_EMPTY_BODY = YES;
				CLANG_WARN_ENUM_CONVERSION = YES;
				CLANG_WARN_INFINITE_RECURSION = YES;
				CLANG_WARN_INT_CONVERSION = YES;
				CLANG_WARN_NON_LITERAL_NULL_CONVERSION = YES;
				CLANG_WARN_OBJC_IMPLICIT_RETAIN_SELF = YES;
				CLANG_WARN_OBJC_LITERAL_CONVERSION = YES;
				CLANG_WARN_OBJC_ROOT_CLASS = YES_ERROR;
				CLANG_WARN_QUOTED_INCLUDE_IN_FRAMEWORK_HEADER = YES;
				CLANG_WARN_RANGE_LOOP_ANALYSIS = YES;
				CLANG_WARN_STRICT_PROTOTYPES = YES;
				CLANG_WARN_SUSPICIOUS_MOVE = YES;
				CLANG_WARN_UNGUARDED_AVAILABILITY = YES_AGGRESSIVE;
				CLANG_WARN_UNREACHABLE_CODE = YES;
				CLANG_WARN__DUPLICATE_METHOD_MATCH = YES;
				COPY_PHASE_STRIP = NO;
				DEBUG_INFORMATION_FORMAT = "dwarf-with-dsym";
				ENABLE_NS_ASSERTIONS = NO;
				ENABLE_STRICT_OBJC_MSGSEND = YES;
				GCC_C_LANGUAGE_STANDARD = gnu11;
				GCC_NO_COMMON_BLOCKS = YES;
				GCC_WARN_64_TO_32_BIT_CONVERSION = YES;
				GCC_WARN_ABOUT_RETURN_TYPE = YES_ERROR;
				GCC_WARN_UNDECLARED_SELECTOR = YES;
				GCC_WARN_UNINITIALIZED_AUTOS = YES_AGGRESSIVE;
				GCC_WARN_UNUSED_FUNCTION = YES;
				GCC_WARN_UNUSED_VARIABLE = YES;
				IPHONEOS_DEPLOYMENT_TARGET = 15.0;
				MTL_ENABLE_DEBUG_INFO = NO;
				MTL_FAST_MATH = YES;
				SDKROOT = iphoneos;
				SWIFT_COMPILATION_MODE = wholemodule;
				SWIFT_OPTIMIZATION_LEVEL = "-O";
				VALIDATE_PRODUCT = YES;
			};
			name = Release;
		};
		8014B7EB2700DE3A00691126 /* Debug */ = {
			isa = XCBuildConfiguration;
			buildSettings = {
				ASSETCATALOG_COMPILER_APPICON_NAME = AppIcon;
				ASSETCATALOG_COMPILER_GLOBAL_ACCENT_COLOR_NAME = AccentColor;
				CODE_SIGN_ENTITLEMENTS = DeepMenu/DeepMenu.entitlements;
				CODE_SIGN_STYLE = Automatic;
				CURRENT_PROJECT_VERSION = 1;
				DEVELOPMENT_ASSET_PATHS = "\"DeepMenu/Preview Content\"";
				DEVELOPMENT_TEAM = 9AVP5GX45R;
				ENABLE_PREVIEWS = YES;
				GENERATE_INFOPLIST_FILE = YES;
				INFOPLIST_FILE = DeepMenu/Info.plist;
				INFOPLIST_KEY_UIApplicationSceneManifest_Generation = YES;
				INFOPLIST_KEY_UIApplicationSupportsIndirectInputEvents = YES;
				INFOPLIST_KEY_UILaunchScreen_Generation = YES;
				INFOPLIST_KEY_UIStatusBarHidden = YES;
				INFOPLIST_KEY_UISupportedInterfaceOrientations = "UIInterfaceOrientationPortrait UIInterfaceOrientationLandscapeLeft UIInterfaceOrientationLandscapeRight UIInterfaceOrientationPortraitUpsideDown";
				INFOPLIST_KEY_UISupportedInterfaceOrientations_iPad = "UIInterfaceOrientationPortrait UIInterfaceOrientationPortraitUpsideDown UIInterfaceOrientationLandscapeLeft UIInterfaceOrientationLandscapeRight";
				INFOPLIST_KEY_UISupportedInterfaceOrientations_iPhone = "UIInterfaceOrientationPortrait UIInterfaceOrientationLandscapeLeft UIInterfaceOrientationLandscapeRight";
				IPHONEOS_DEPLOYMENT_TARGET = 15.0;
				"IPHONEOS_DEPLOYMENT_TARGET[sdk=macosx*]" = 14.5;
				LD_RUNPATH_SEARCH_PATHS = (
					"$(inherited)",
					"@executable_path/Frameworks",
				);
				MARKETING_VERSION = 1.0;
				PRODUCT_BUNDLE_IDENTIFIER = com.deepmuse.DeepMenu;
				PRODUCT_NAME = "$(TARGET_NAME)";
				SUPPORTS_MACCATALYST = YES;
				SWIFT_EMIT_LOC_STRINGS = YES;
				SWIFT_VERSION = 5.0;
				TARGETED_DEVICE_FAMILY = "1,2,6";
			};
			name = Debug;
		};
		8014B7EC2700DE3A00691126 /* Release */ = {
			isa = XCBuildConfiguration;
			buildSettings = {
				ASSETCATALOG_COMPILER_APPICON_NAME = AppIcon;
				ASSETCATALOG_COMPILER_GLOBAL_ACCENT_COLOR_NAME = AccentColor;
				CODE_SIGN_ENTITLEMENTS = DeepMenu/DeepMenu.entitlements;
				CODE_SIGN_STYLE = Automatic;
				CURRENT_PROJECT_VERSION = 1;
				DEVELOPMENT_ASSET_PATHS = "\"DeepMenu/Preview Content\"";
				DEVELOPMENT_TEAM = 9AVP5GX45R;
				ENABLE_PREVIEWS = YES;
				GENERATE_INFOPLIST_FILE = YES;
				INFOPLIST_FILE = DeepMenu/Info.plist;
				INFOPLIST_KEY_UIApplicationSceneManifest_Generation = YES;
				INFOPLIST_KEY_UIApplicationSupportsIndirectInputEvents = YES;
				INFOPLIST_KEY_UILaunchScreen_Generation = YES;
				INFOPLIST_KEY_UIStatusBarHidden = YES;
				INFOPLIST_KEY_UISupportedInterfaceOrientations = "UIInterfaceOrientationPortrait UIInterfaceOrientationLandscapeLeft UIInterfaceOrientationLandscapeRight UIInterfaceOrientationPortraitUpsideDown";
				INFOPLIST_KEY_UISupportedInterfaceOrientations_iPad = "UIInterfaceOrientationPortrait UIInterfaceOrientationPortraitUpsideDown UIInterfaceOrientationLandscapeLeft UIInterfaceOrientationLandscapeRight";
				INFOPLIST_KEY_UISupportedInterfaceOrientations_iPhone = "UIInterfaceOrientationPortrait UIInterfaceOrientationLandscapeLeft UIInterfaceOrientationLandscapeRight";
				IPHONEOS_DEPLOYMENT_TARGET = 15.0;
				"IPHONEOS_DEPLOYMENT_TARGET[sdk=macosx*]" = 14.5;
				LD_RUNPATH_SEARCH_PATHS = (
					"$(inherited)",
					"@executable_path/Frameworks",
				);
				MARKETING_VERSION = 1.0;
				PRODUCT_BUNDLE_IDENTIFIER = com.deepmuse.DeepMenu;
				PRODUCT_NAME = "$(TARGET_NAME)";
				SUPPORTS_MACCATALYST = YES;
				SWIFT_EMIT_LOC_STRINGS = YES;
				SWIFT_VERSION = 5.0;
				TARGETED_DEVICE_FAMILY = "1,2,6";
			};
			name = Release;
		};
		8014B7EE2700DE3A00691126 /* Debug */ = {
			isa = XCBuildConfiguration;
			buildSettings = {
				ALWAYS_EMBED_SWIFT_STANDARD_LIBRARIES = YES;
				BUNDLE_LOADER = "$(TEST_HOST)";
				CODE_SIGN_STYLE = Automatic;
				CURRENT_PROJECT_VERSION = 1;
				DEVELOPMENT_TEAM = 9AVP5GX45R;
				GENERATE_INFOPLIST_FILE = YES;
				IPHONEOS_DEPLOYMENT_TARGET = 15.0;
				LD_RUNPATH_SEARCH_PATHS = (
					"$(inherited)",
					"@executable_path/Frameworks",
					"@loader_path/Frameworks",
				);
				MARKETING_VERSION = 1.0;
				PRODUCT_BUNDLE_IDENTIFIER = com.deepmuse.example.DeepMenuTests;
				PRODUCT_NAME = "$(TARGET_NAME)";
				SWIFT_EMIT_LOC_STRINGS = NO;
				SWIFT_VERSION = 5.0;
				TARGETED_DEVICE_FAMILY = "1,2";
				TEST_HOST = "$(BUILT_PRODUCTS_DIR)/DeepMenu.app/DeepMenu";
			};
			name = Debug;
		};
		8014B7EF2700DE3A00691126 /* Release */ = {
			isa = XCBuildConfiguration;
			buildSettings = {
				ALWAYS_EMBED_SWIFT_STANDARD_LIBRARIES = YES;
				BUNDLE_LOADER = "$(TEST_HOST)";
				CODE_SIGN_STYLE = Automatic;
				CURRENT_PROJECT_VERSION = 1;
				DEVELOPMENT_TEAM = 9AVP5GX45R;
				GENERATE_INFOPLIST_FILE = YES;
				IPHONEOS_DEPLOYMENT_TARGET = 15.0;
				LD_RUNPATH_SEARCH_PATHS = (
					"$(inherited)",
					"@executable_path/Frameworks",
					"@loader_path/Frameworks",
				);
				MARKETING_VERSION = 1.0;
				PRODUCT_BUNDLE_IDENTIFIER = com.deepmuse.example.DeepMenuTests;
				PRODUCT_NAME = "$(TARGET_NAME)";
				SWIFT_EMIT_LOC_STRINGS = NO;
				SWIFT_VERSION = 5.0;
				TARGETED_DEVICE_FAMILY = "1,2";
				TEST_HOST = "$(BUILT_PRODUCTS_DIR)/DeepMenu.app/DeepMenu";
			};
			name = Release;
		};
		8014B7F12700DE3A00691126 /* Debug */ = {
			isa = XCBuildConfiguration;
			buildSettings = {
				ALWAYS_EMBED_SWIFT_STANDARD_LIBRARIES = YES;
				CODE_SIGN_STYLE = Automatic;
				CURRENT_PROJECT_VERSION = 1;
				DEVELOPMENT_TEAM = 9AVP5GX45R;
				GENERATE_INFOPLIST_FILE = YES;
				LD_RUNPATH_SEARCH_PATHS = (
					"$(inherited)",
					"@executable_path/Frameworks",
					"@loader_path/Frameworks",
				);
				MARKETING_VERSION = 1.0;
				PRODUCT_BUNDLE_IDENTIFIER = com.deepmuse.example.DeepMenuUITests;
				PRODUCT_NAME = "$(TARGET_NAME)";
				SWIFT_EMIT_LOC_STRINGS = NO;
				SWIFT_VERSION = 5.0;
				TARGETED_DEVICE_FAMILY = "1,2";
				TEST_TARGET_NAME = DeepMenu;
			};
			name = Debug;
		};
		8014B7F22700DE3A00691126 /* Release */ = {
			isa = XCBuildConfiguration;
			buildSettings = {
				ALWAYS_EMBED_SWIFT_STANDARD_LIBRARIES = YES;
				CODE_SIGN_STYLE = Automatic;
				CURRENT_PROJECT_VERSION = 1;
				DEVELOPMENT_TEAM = 9AVP5GX45R;
				GENERATE_INFOPLIST_FILE = YES;
				LD_RUNPATH_SEARCH_PATHS = (
					"$(inherited)",
					"@executable_path/Frameworks",
					"@loader_path/Frameworks",
				);
				MARKETING_VERSION = 1.0;
				PRODUCT_BUNDLE_IDENTIFIER = com.deepmuse.example.DeepMenuUITests;
				PRODUCT_NAME = "$(TARGET_NAME)";
				SWIFT_EMIT_LOC_STRINGS = NO;
				SWIFT_VERSION = 5.0;
				TARGETED_DEVICE_FAMILY = "1,2";
				TEST_TARGET_NAME = DeepMenu;
			};
			name = Release;
		};
/* End XCBuildConfiguration section */

/* Begin XCConfigurationList section */
		8014B7C12700DE3800691126 /* Build configuration list for PBXProject "DeepMenu" */ = {
			isa = XCConfigurationList;
			buildConfigurations = (
				8014B7E82700DE3A00691126 /* Debug */,
				8014B7E92700DE3A00691126 /* Release */,
			);
			defaultConfigurationIsVisible = 0;
			defaultConfigurationName = Debug;
		};
		8014B7EA2700DE3A00691126 /* Build configuration list for PBXNativeTarget "DeepMenu" */ = {
			isa = XCConfigurationList;
			buildConfigurations = (
				8014B7EB2700DE3A00691126 /* Debug */,
				8014B7EC2700DE3A00691126 /* Release */,
			);
			defaultConfigurationIsVisible = 0;
			defaultConfigurationName = Debug;
		};
		8014B7ED2700DE3A00691126 /* Build configuration list for PBXNativeTarget "DeepMenuTests" */ = {
			isa = XCConfigurationList;
			buildConfigurations = (
				8014B7EE2700DE3A00691126 /* Debug */,
				8014B7EF2700DE3A00691126 /* Release */,
			);
			defaultConfigurationIsVisible = 0;
			defaultConfigurationName = Debug;
		};
		8014B7F02700DE3A00691126 /* Build configuration list for PBXNativeTarget "DeepMenuUITests" */ = {
			isa = XCConfigurationList;
			buildConfigurations = (
				8014B7F12700DE3A00691126 /* Debug */,
				8014B7F22700DE3A00691126 /* Release */,
			);
			defaultConfigurationIsVisible = 0;
			defaultConfigurationName = Debug;
		};
/* End XCConfigurationList section */

/* Begin XCRemoteSwiftPackageReference section */
		57A0A25F27BED18A00B5598B /* XCRemoteSwiftPackageReference "ViewInspector" */ = {
			isa = XCRemoteSwiftPackageReference;
			repositoryURL = "https://github.com/nalexn/ViewInspector";
			requirement = {
				kind = upToNextMajorVersion;
				minimumVersion = 0.9.1;
			};
		};
		80731CAE281706DD005FCE1A /* XCRemoteSwiftPackageReference "Tr3" */ = {
			isa = XCRemoteSwiftPackageReference;
			repositoryURL = "https://github.com/musesum/Tr3";
			requirement = {
				kind = upToNextMajorVersion;
				minimumVersion = 0.2.9;
			};
		};
		80CBDA0F281CABF3008CB97A /* XCRemoteSwiftPackageReference "Tr3" */ = {
			isa = XCRemoteSwiftPackageReference;
			repositoryURL = "https://github.com/musesum/Tr3";
			requirement = {
				kind = upToNextMajorVersion;
				minimumVersion = 0.2.9;
			};
		};
/* End XCRemoteSwiftPackageReference section */

/* Begin XCSwiftPackageProductDependency section */
		57A0A26027BED18A00B5598B /* ViewInspector */ = {
			isa = XCSwiftPackageProductDependency;
			package = 57A0A25F27BED18A00B5598B /* XCRemoteSwiftPackageReference "ViewInspector" */;
			productName = ViewInspector;
		};
		80731CAF281706DD005FCE1A /* Tr3 */ = {
			isa = XCSwiftPackageProductDependency;
			package = 80731CAE281706DD005FCE1A /* XCRemoteSwiftPackageReference "Tr3" */;
			productName = Tr3;
		};
		80CBDA10281CABF3008CB97A /* Tr3 */ = {
			isa = XCSwiftPackageProductDependency;
			package = 80731CAE281706DD005FCE1A /* XCRemoteSwiftPackageReference "Tr3" */;
			productName = Tr3;
		};
/* End XCSwiftPackageProductDependency section */
	};
	rootObject = 8014B7BE2700DE3800691126 /* Project object */;
}
