{
  "pins" : [
    {
      "identity" : "par",
      "kind" : "remoteSourceControl",
      "location" : "https://github.com/musesum/Par.git",
      "state" : {
        "revision" : "e5fd1785f7fb2ad57c9dc06b7a637a02e2ae826e",
        "version" : "0.2.11"
      }
    },
    {
      "identity" : "swift-collections",
      "kind" : "remoteSourceControl",
      "location" : "https://github.com/apple/swift-collections.git",
      "state" : {
        "revision" : "48254824bb4248676bf7ce56014ff57b142b77eb",
        "version" : "1.0.2"
      }
    },
    {
      "identity" : "tr3",
      "kind" : "remoteSourceControl",
      "location" : "https://github.com/musesum/Tr3",
      "state" : {
        "revision" : "6be659b9b7090ef8fbcb55332fcfe2a559f8ee0b",
        "version" : "0.2.23"
      }
    },
    {
      "identity" : "viewinspector",
      "kind" : "remoteSourceControl",
      "location" : "https://github.com/nalexn/ViewInspector",
      "state" : {
        "revision" : "6b88c4ec1fa20cf38f2138052e63c8e79df5d76e",
        "version" : "0.9.1"
      }
    }
  ],
  "version" : 2
}
