{
  "pins" : [
    {
      "identity" : "musky",
      "kind" : "remoteSourceControl",
      "location" : "https://github.com/musesum/MuSky.git",
      "state" : {
        "revision" : "490c852477bf0be6e8be3d94d82237ed0a9f1b36",
        "version" : "0.0.4"
      }
    },
    {
      "identity" : "par",
      "kind" : "remoteSourceControl",
      "location" : "https://github.com/musesum/Par.git",
      "state" : {
        "revision" : "71141072e17c33491f854fe98cf4b748f0419bd7",
        "version" : "0.2.31"
      }
    },
    {
      "identity" : "swift-collections",
      "kind" : "remoteSourceControl",
      "location" : "https://github.com/apple/swift-collections.git",
      "state" : {
        "revision" : "f504716c27d2e5d4144fa4794b12129301d17729",
        "version" : "1.0.3"
      }
    },
    {
      "identity" : "viewinspector",
      "kind" : "remoteSourceControl",
      "location" : "https://github.com/nalexn/ViewInspector",
      "state" : {
        "revision" : "6b88c4ec1fa20cf38f2138052e63c8e79df5d76e",
        "version" : "0.9.1"
      }
    }
  ],
  "version" : 2
}
